
Microsoft Visual Studio Solution File, Format Version 12.00
# Visual Studio Version 16
VisualStudioVersion = 16.0.30804.86
MinimumVisualStudioVersion = 10.0.40219.1
Project("{FAE04EC0-301F-11D3-BF4B-00C04F79EFBC}") = "AVTOBAZA", "AVTOBAZA\AVTOBAZA.csproj", "{28510F13-77A5-4976-B9FC-D83C946A3023}"
EndProject
Global
	GlobalSection(SolutionConfigurationPlatforms) = preSolution
		Debug|Any CPU = Debug|Any CPU
		Release|Any CPU = Release|Any CPU
	EndGlobalSection
	GlobalSection(ProjectConfigurationPlatforms) = postSolution
		{28510F13-77A5-4976-B9FC-D83C946A3023}.Debug|Any CPU.ActiveCfg = Debug|Any CPU
		{28510F13-77A5-4976-B9FC-D83C946A3023}.Debug|Any CPU.Build.0 = Debug|Any CPU
		{28510F13-77A5-4976-B9FC-D83C946A3023}.Release|Any CPU.ActiveCfg = Release|Any CPU
		{28510F13-77A5-4976-B9FC-D83C946A3023}.Release|Any CPU.Build.0 = Release|Any CPU
	EndGlobalSection
	GlobalSection(SolutionProperties) = preSolution
		HideSolutionNode = FALSE
	EndGlobalSection
	GlobalSection(ExtensibilityGlobals) = postSolution
		SolutionGuid = {1CF5D71C-CEC3-4856-9DD7-68285B1F64BD}
	EndGlobalSection
EndGlobal
